// !$*UTF8*$!
{
	archiveVersion = 1;
	classes = {
	};
	objectVersion = 46;
	objects = {

/* Begin PBXBuildFile section */
		8AE5F5C61E5951D4004709F0 /* AppDelegate.swift in Sources */ = {isa = PBXBuildFile; fileRef = 8AE5F5C51E5951D4004709F0 /* AppDelegate.swift */; };
		8AE5F5C81E5951D4004709F0 /* GlanceViewController.swift in Sources */ = {isa = PBXBuildFile; fileRef = 8AE5F5C71E5951D4004709F0 /* GlanceViewController.swift */; };
		8AE5F5CA1E5951D4004709F0 /* SettingsViewController.swift in Sources */ = {isa = PBXBuildFile; fileRef = 8AE5F5C91E5951D4004709F0 /* SettingsViewController.swift */; };
		8AE5F5CD1E5951D4004709F0 /* Main.storyboard in Resources */ = {isa = PBXBuildFile; fileRef = 8AE5F5CB1E5951D4004709F0 /* Main.storyboard */; };
		8AE5F5CF1E5951D4004709F0 /* Assets.xcassets in Resources */ = {isa = PBXBuildFile; fileRef = 8AE5F5CE1E5951D4004709F0 /* Assets.xcassets */; };
		8AE5F5D21E5951D4004709F0 /* LaunchScreen.storyboard in Resources */ = {isa = PBXBuildFile; fileRef = 8AE5F5D01E5951D4004709F0 /* LaunchScreen.storyboard */; };
		8AE5F5DD1E5951D4004709F0 /* WooshTests.swift in Sources */ = {isa = PBXBuildFile; fileRef = 8AE5F5DC1E5951D4004709F0 /* WooshTests.swift */; };
		8AE5F5E81E5951D4004709F0 /* WooshUITests.swift in Sources */ = {isa = PBXBuildFile; fileRef = 8AE5F5E71E5951D4004709F0 /* WooshUITests.swift */; };
		8AE5F5F71E59533B004709F0 /* MapKit.framework in Frameworks */ = {isa = PBXBuildFile; fileRef = 8AE5F5F61E59533B004709F0 /* MapKit.framework */; };
/* End PBXBuildFile section */

/* Begin PBXContainerItemProxy section */
		8AE5F5D91E5951D4004709F0 /* PBXContainerItemProxy */ = {
			isa = PBXContainerItemProxy;
			containerPortal = 8AE5F5BA1E5951D3004709F0 /* Project object */;
			proxyType = 1;
			remoteGlobalIDString = 8AE5F5C11E5951D3004709F0;
			remoteInfo = Woosh;
		};
		8AE5F5E41E5951D4004709F0 /* PBXContainerItemProxy */ = {
			isa = PBXContainerItemProxy;
			containerPortal = 8AE5F5BA1E5951D3004709F0 /* Project object */;
			proxyType = 1;
			remoteGlobalIDString = 8AE5F5C11E5951D3004709F0;
			remoteInfo = Woosh;
		};
/* End PBXContainerItemProxy section */

/* Begin PBXFileReference section */
		8AE5F5C21E5951D4004709F0 /* Woosh.app */ = {isa = PBXFileReference; explicitFileType = wrapper.application; includeInIndex = 0; path = Woosh.app; sourceTree = BUILT_PRODUCTS_DIR; };
		8AE5F5C51E5951D4004709F0 /* AppDelegate.swift */ = {isa = PBXFileReference; lastKnownFileType = sourcecode.swift; path = AppDelegate.swift; sourceTree = "<group>"; };
		8AE5F5C71E5951D4004709F0 /* GlanceViewController.swift */ = {isa = PBXFileReference; lastKnownFileType = sourcecode.swift; path = GlanceViewController.swift; sourceTree = "<group>"; };
		8AE5F5C91E5951D4004709F0 /* SettingsViewController.swift */ = {isa = PBXFileReference; lastKnownFileType = sourcecode.swift; path = SettingsViewController.swift; sourceTree = "<group>"; };
		8AE5F5CC1E5951D4004709F0 /* Base */ = {isa = PBXFileReference; lastKnownFileType = file.storyboard; name = Base; path = Base.lproj/Main.storyboard; sourceTree = "<group>"; };
		8AE5F5CE1E5951D4004709F0 /* Assets.xcassets */ = {isa = PBXFileReference; lastKnownFileType = folder.assetcatalog; path = Assets.xcassets; sourceTree = "<group>"; };
		8AE5F5D11E5951D4004709F0 /* Base */ = {isa = PBXFileReference; lastKnownFileType = file.storyboard; name = Base; path = Base.lproj/LaunchScreen.storyboard; sourceTree = "<group>"; };
		8AE5F5D31E5951D4004709F0 /* Info.plist */ = {isa = PBXFileReference; lastKnownFileType = text.plist.xml; path = Info.plist; sourceTree = "<group>"; };
		8AE5F5D81E5951D4004709F0 /* WooshTests.xctest */ = {isa = PBXFileReference; explicitFileType = wrapper.cfbundle; includeInIndex = 0; path = WooshTests.xctest; sourceTree = BUILT_PRODUCTS_DIR; };
		8AE5F5DC1E5951D4004709F0 /* WooshTests.swift */ = {isa = PBXFileReference; lastKnownFileType = sourcecode.swift; path = WooshTests.swift; sourceTree = "<group>"; };
		8AE5F5DE1E5951D4004709F0 /* Info.plist */ = {isa = PBXFileReference; lastKnownFileType = text.plist.xml; path = Info.plist; sourceTree = "<group>"; };
		8AE5F5E31E5951D4004709F0 /* WooshUITests.xctest */ = {isa = PBXFileReference; explicitFileType = wrapper.cfbundle; includeInIndex = 0; path = WooshUITests.xctest; sourceTree = BUILT_PRODUCTS_DIR; };
		8AE5F5E71E5951D4004709F0 /* WooshUITests.swift */ = {isa = PBXFileReference; lastKnownFileType = sourcecode.swift; path = WooshUITests.swift; sourceTree = "<group>"; };
		8AE5F5E91E5951D4004709F0 /* Info.plist */ = {isa = PBXFileReference; lastKnownFileType = text.plist.xml; path = Info.plist; sourceTree = "<group>"; };
		8AE5F5F61E59533B004709F0 /* MapKit.framework */ = {isa = PBXFileReference; lastKnownFileType = wrapper.framework; name = MapKit.framework; path = System/Library/Frameworks/MapKit.framework; sourceTree = SDKROOT; };
/* End PBXFileReference section */

/* Begin PBXFrameworksBuildPhase section */
		8AE5F5BF1E5951D3004709F0 /* Frameworks */ = {
			isa = PBXFrameworksBuildPhase;
			buildActionMask = 2147483647;
			files = (
				8AE5F5F71E59533B004709F0 /* MapKit.framework in Frameworks */,
			);
			runOnlyForDeploymentPostprocessing = 0;
		};
		8AE5F5D51E5951D4004709F0 /* Frameworks */ = {
			isa = PBXFrameworksBuildPhase;
			buildActionMask = 2147483647;
			files = (
			);
			runOnlyForDeploymentPostprocessing = 0;
		};
		8AE5F5E01E5951D4004709F0 /* Frameworks */ = {
			isa = PBXFrameworksBuildPhase;
			buildActionMask = 2147483647;
			files = (
			);
			runOnlyForDeploymentPostprocessing = 0;
		};
/* End PBXFrameworksBuildPhase section */

/* Begin PBXGroup section */
		8AE5F5B91E5951D3004709F0 = {
			isa = PBXGroup;
			children = (
				8AE5F5C41E5951D4004709F0 /* Woosh */,
				8AE5F5DB1E5951D4004709F0 /* WooshTests */,
				8AE5F5E61E5951D4004709F0 /* WooshUITests */,
				8AE5F5C31E5951D4004709F0 /* Products */,
				8AE5F5F51E59533B004709F0 /* Frameworks */,
			);
			sourceTree = "<group>";
		};
		8AE5F5C31E5951D4004709F0 /* Products */ = {
			isa = PBXGroup;
			children = (
				8AE5F5C21E5951D4004709F0 /* Woosh.app */,
				8AE5F5D81E5951D4004709F0 /* WooshTests.xctest */,
				8AE5F5E31E5951D4004709F0 /* WooshUITests.xctest */,
			);
			name = Products;
			sourceTree = "<group>";
		};
		8AE5F5C41E5951D4004709F0 /* Woosh */ = {
			isa = PBXGroup;
			children = (
				8AE5F5C51E5951D4004709F0 /* AppDelegate.swift */,
				8AE5F5C71E5951D4004709F0 /* GlanceViewController.swift */,
				8AE5F5C91E5951D4004709F0 /* SettingsViewController.swift */,
				8AE5F5CB1E5951D4004709F0 /* Main.storyboard */,
				8AE5F5CE1E5951D4004709F0 /* Assets.xcassets */,
				8AE5F5D01E5951D4004709F0 /* LaunchScreen.storyboard */,
				8AE5F5D31E5951D4004709F0 /* Info.plist */,
			);
			path = Woosh;
			sourceTree = "<group>";
		};
		8AE5F5DB1E5951D4004709F0 /* WooshTests */ = {
			isa = PBXGroup;
			children = (
				8AE5F5DC1E5951D4004709F0 /* WooshTests.swift */,
				8AE5F5DE1E5951D4004709F0 /* Info.plist */,
			);
			path = WooshTests;
			sourceTree = "<group>";
		};
		8AE5F5E61E5951D4004709F0 /* WooshUITests */ = {
			isa = PBXGroup;
			children = (
				8AE5F5E71E5951D4004709F0 /* WooshUITests.swift */,
				8AE5F5E91E5951D4004709F0 /* Info.plist */,
			);
			path = WooshUITests;
			sourceTree = "<group>";
		};
		8AE5F5F51E59533B004709F0 /* Frameworks */ = {
			isa = PBXGroup;
			children = (
				8AE5F5F61E59533B004709F0 /* MapKit.framework */,
			);
			name = Frameworks;
			sourceTree = "<group>";
		};
/* End PBXGroup section */

/* Begin PBXNativeTarget section */
		8AE5F5C11E5951D3004709F0 /* Woosh */ = {
			isa = PBXNativeTarget;
			buildConfigurationList = 8AE5F5EC1E5951D4004709F0 /* Build configuration list for PBXNativeTarget "Woosh" */;
			buildPhases = (
				8AE5F5BE1E5951D3004709F0 /* Sources */,
				8AE5F5BF1E5951D3004709F0 /* Frameworks */,
				8AE5F5C01E5951D3004709F0 /* Resources */,
			);
			buildRules = (
			);
			dependencies = (
			);
			name = Woosh;
			productName = Woosh;
			productReference = 8AE5F5C21E5951D4004709F0 /* Woosh.app */;
			productType = "com.apple.product-type.application";
		};
		8AE5F5D71E5951D4004709F0 /* WooshTests */ = {
			isa = PBXNativeTarget;
			buildConfigurationList = 8AE5F5EF1E5951D4004709F0 /* Build configuration list for PBXNativeTarget "WooshTests" */;
			buildPhases = (
				8AE5F5D41E5951D4004709F0 /* Sources */,
				8AE5F5D51E5951D4004709F0 /* Frameworks */,
				8AE5F5D61E5951D4004709F0 /* Resources */,
			);
			buildRules = (
			);
			dependencies = (
				8AE5F5DA1E5951D4004709F0 /* PBXTargetDependency */,
			);
			name = WooshTests;
			productName = WooshTests;
			productReference = 8AE5F5D81E5951D4004709F0 /* WooshTests.xctest */;
			productType = "com.apple.product-type.bundle.unit-test";
		};
		8AE5F5E21E5951D4004709F0 /* WooshUITests */ = {
			isa = PBXNativeTarget;
			buildConfigurationList = 8AE5F5F21E5951D4004709F0 /* Build configuration list for PBXNativeTarget "WooshUITests" */;
			buildPhases = (
				8AE5F5DF1E5951D4004709F0 /* Sources */,
				8AE5F5E01E5951D4004709F0 /* Frameworks */,
				8AE5F5E11E5951D4004709F0 /* Resources */,
			);
			buildRules = (
			);
			dependencies = (
				8AE5F5E51E5951D4004709F0 /* PBXTargetDependency */,
			);
			name = WooshUITests;
			productName = WooshUITests;
			productReference = 8AE5F5E31E5951D4004709F0 /* WooshUITests.xctest */;
			productType = "com.apple.product-type.bundle.ui-testing";
		};
/* End PBXNativeTarget section */

/* Begin PBXProject section */
		8AE5F5BA1E5951D3004709F0 /* Project object */ = {
			isa = PBXProject;
			attributes = {
				LastSwiftUpdateCheck = 0820;
				LastUpgradeCheck = 0820;
				ORGANIZATIONNAME = "Keaton Burleson";
				TargetAttributes = {
					8AE5F5C11E5951D3004709F0 = {
						CreatedOnToolsVersion = 8.2.1;
						DevelopmentTeam = Z48RKT6B3T;
						ProvisioningStyle = Manual;
					};
					8AE5F5D71E5951D4004709F0 = {
						CreatedOnToolsVersion = 8.2.1;
						DevelopmentTeam = Z48RKT6B3T;
						ProvisioningStyle = Automatic;
						TestTargetID = 8AE5F5C11E5951D3004709F0;
					};
					8AE5F5E21E5951D4004709F0 = {
						CreatedOnToolsVersion = 8.2.1;
						DevelopmentTeam = Z48RKT6B3T;
						ProvisioningStyle = Automatic;
						TestTargetID = 8AE5F5C11E5951D3004709F0;
					};
				};
			};
			buildConfigurationList = 8AE5F5BD1E5951D3004709F0 /* Build configuration list for PBXProject "Woosh" */;
			compatibilityVersion = "Xcode 3.2";
			developmentRegion = English;
			hasScannedForEncodings = 0;
			knownRegions = (
				en,
				Base,
			);
			mainGroup = 8AE5F5B91E5951D3004709F0;
			productRefGroup = 8AE5F5C31E5951D4004709F0 /* Products */;
			projectDirPath = "";
			projectRoot = "";
			targets = (
				8AE5F5C11E5951D3004709F0 /* Woosh */,
				8AE5F5D71E5951D4004709F0 /* WooshTests */,
				8AE5F5E21E5951D4004709F0 /* WooshUITests */,
			);
		};
/* End PBXProject section */

/* Begin PBXResourcesBuildPhase section */
		8AE5F5C01E5951D3004709F0 /* Resources */ = {
			isa = PBXResourcesBuildPhase;
			buildActionMask = 2147483647;
			files = (
				8AE5F5D21E5951D4004709F0 /* LaunchScreen.storyboard in Resources */,
				8AE5F5CF1E5951D4004709F0 /* Assets.xcassets in Resources */,
				8AE5F5CD1E5951D4004709F0 /* Main.storyboard in Resources */,
			);
			runOnlyForDeploymentPostprocessing = 0;
		};
		8AE5F5D61E5951D4004709F0 /* Resources */ = {
			isa = PBXResourcesBuildPhase;
			buildActionMask = 2147483647;
			files = (
			);
			runOnlyForDeploymentPostprocessing = 0;
		};
		8AE5F5E11E5951D4004709F0 /* Resources */ = {
			isa = PBXResourcesBuildPhase;
			buildActionMask = 2147483647;
			files = (
			);
			runOnlyForDeploymentPostprocessing = 0;
		};
/* End PBXResourcesBuildPhase section */

/* Begin PBXSourcesBuildPhase section */
		8AE5F5BE1E5951D3004709F0 /* Sources */ = {
			isa = PBXSourcesBuildPhase;
			buildActionMask = 2147483647;
			files = (
				8AE5F5CA1E5951D4004709F0 /* SettingsViewController.swift in Sources */,
				8AE5F5C61E5951D4004709F0 /* AppDelegate.swift in Sources */,
				8AE5F5C81E5951D4004709F0 /* GlanceViewController.swift in Sources */,
			);
			runOnlyForDeploymentPostprocessing = 0;
		};
		8AE5F5D41E5951D4004709F0 /* Sources */ = {
			isa = PBXSourcesBuildPhase;
			buildActionMask = 2147483647;
			files = (
				8AE5F5DD1E5951D4004709F0 /* WooshTests.swift in Sources */,
			);
			runOnlyForDeploymentPostprocessing = 0;
		};
		8AE5F5DF1E5951D4004709F0 /* Sources */ = {
			isa = PBXSourcesBuildPhase;
			buildActionMask = 2147483647;
			files = (
				8AE5F5E81E5951D4004709F0 /* WooshUITests.swift in Sources */,
			);
			runOnlyForDeploymentPostprocessing = 0;
		};
/* End PBXSourcesBuildPhase section */

/* Begin PBXTargetDependency section */
		8AE5F5DA1E5951D4004709F0 /* PBXTargetDependency */ = {
			isa = PBXTargetDependency;
			target = 8AE5F5C11E5951D3004709F0 /* Woosh */;
			targetProxy = 8AE5F5D91E5951D4004709F0 /* PBXContainerItemProxy */;
		};
		8AE5F5E51E5951D4004709F0 /* PBXTargetDependency */ = {
			isa = PBXTargetDependency;
			target = 8AE5F5C11E5951D3004709F0 /* Woosh */;
			targetProxy = 8AE5F5E41E5951D4004709F0 /* PBXContainerItemProxy */;
		};
/* End PBXTargetDependency section */

/* Begin PBXVariantGroup section */
		8AE5F5CB1E5951D4004709F0 /* Main.storyboard */ = {
			isa = PBXVariantGroup;
			children = (
				8AE5F5CC1E5951D4004709F0 /* Base */,
			);
			name = Main.storyboard;
			sourceTree = "<group>";
		};
		8AE5F5D01E5951D4004709F0 /* LaunchScreen.storyboard */ = {
			isa = PBXVariantGroup;
			children = (
				8AE5F5D11E5951D4004709F0 /* Base */,
			);
			name = LaunchScreen.storyboard;
			sourceTree = "<group>";
		};
/* End PBXVariantGroup section */

/* Begin XCBuildConfiguration section */
		8AE5F5EA1E5951D4004709F0 /* Debug */ = {
			isa = XCBuildConfiguration;
			buildSettings = {
				ALWAYS_SEARCH_USER_PATHS = NO;
				CLANG_ANALYZER_NONNULL = YES;
				CLANG_CXX_LANGUAGE_STANDARD = "gnu++0x";
				CLANG_CXX_LIBRARY = "libc++";
				CLANG_ENABLE_MODULES = YES;
				CLANG_ENABLE_OBJC_ARC = YES;
				CLANG_WARN_BOOL_CONVERSION = YES;
				CLANG_WARN_CONSTANT_CONVERSION = YES;
				CLANG_WARN_DIRECT_OBJC_ISA_USAGE = YES_ERROR;
				CLANG_WARN_DOCUMENTATION_COMMENTS = YES;
				CLANG_WARN_EMPTY_BODY = YES;
				CLANG_WARN_ENUM_CONVERSION = YES;
				CLANG_WARN_INFINITE_RECURSION = YES;
				CLANG_WARN_INT_CONVERSION = YES;
				CLANG_WARN_OBJC_ROOT_CLASS = YES_ERROR;
				CLANG_WARN_SUSPICIOUS_MOVE = YES;
				CLANG_WARN_UNREACHABLE_CODE = YES;
				CLANG_WARN__DUPLICATE_METHOD_MATCH = YES;
				"CODE_SIGN_IDENTITY[sdk=iphoneos*]" = "iPhone Developer";
				COPY_PHASE_STRIP = NO;
				DEBUG_INFORMATION_FORMAT = dwarf;
				ENABLE_STRICT_OBJC_MSGSEND = YES;
				ENABLE_TESTABILITY = YES;
				GCC_C_LANGUAGE_STANDARD = gnu99;
				GCC_DYNAMIC_NO_PIC = NO;
				GCC_NO_COMMON_BLOCKS = YES;
				GCC_OPTIMIZATION_LEVEL = 0;
				GCC_PREPROCESSOR_DEFINITIONS = (
					"DEBUG=1",
					"$(inherited)",
				);
				GCC_WARN_64_TO_32_BIT_CONVERSION = YES;
				GCC_WARN_ABOUT_RETURN_TYPE = YES_ERROR;
				GCC_WARN_UNDECLARED_SELECTOR = YES;
				GCC_WARN_UNINITIALIZED_AUTOS = YES_AGGRESSIVE;
				GCC_WARN_UNUSED_FUNCTION = YES;
				GCC_WARN_UNUSED_VARIABLE = YES;
				IPHONEOS_DEPLOYMENT_TARGET = 10.2;
				MTL_ENABLE_DEBUG_INFO = YES;
				ONLY_ACTIVE_ARCH = YES;
				SDKROOT = iphoneos;
				SWIFT_ACTIVE_COMPILATION_CONDITIONS = DEBUG;
				SWIFT_OPTIMIZATION_LEVEL = "-Onone";
				TARGETED_DEVICE_FAMILY = "1,2";
			};
			name = Debug;
		};
		8AE5F5EB1E5951D4004709F0 /* Release */ = {
			isa = XCBuildConfiguration;
			buildSettings = {
				ALWAYS_SEARCH_USER_PATHS = NO;
				CLANG_ANALYZER_NONNULL = YES;
				CLANG_CXX_LANGUAGE_STANDARD = "gnu++0x";
				CLANG_CXX_LIBRARY = "libc++";
				CLANG_ENABLE_MODULES = YES;
				CLANG_ENABLE_OBJC_ARC = YES;
				CLANG_WARN_BOOL_CONVERSION = YES;
				CLANG_WARN_CONSTANT_CONVERSION = YES;
				CLANG_WARN_DIRECT_OBJC_ISA_USAGE = YES_ERROR;
				CLANG_WARN_DOCUMENTATION_COMMENTS = YES;
				CLANG_WARN_EMPTY_BODY = YES;
				CLANG_WARN_ENUM_CONVERSION = YES;
				CLANG_WARN_INFINITE_RECURSION = YES;
				CLANG_WARN_INT_CONVERSION = YES;
				CLANG_WARN_OBJC_ROOT_CLASS = YES_ERROR;
				CLANG_WARN_SUSPICIOUS_MOVE = YES;
				CLANG_WARN_UNREACHABLE_CODE = YES;
				CLANG_WARN__DUPLICATE_METHOD_MATCH = YES;
				"CODE_SIGN_IDENTITY[sdk=iphoneos*]" = "iPhone Developer";
				COPY_PHASE_STRIP = NO;
				DEBUG_INFORMATION_FORMAT = "dwarf-with-dsym";
				ENABLE_NS_ASSERTIONS = NO;
				ENABLE_STRICT_OBJC_MSGSEND = YES;
				GCC_C_LANGUAGE_STANDARD = gnu99;
				GCC_NO_COMMON_BLOCKS = YES;
				GCC_WARN_64_TO_32_BIT_CONVERSION = YES;
				GCC_WARN_ABOUT_RETURN_TYPE = YES_ERROR;
				GCC_WARN_UNDECLARED_SELECTOR = YES;
				GCC_WARN_UNINITIALIZED_AUTOS = YES_AGGRESSIVE;
				GCC_WARN_UNUSED_FUNCTION = YES;
				GCC_WARN_UNUSED_VARIABLE = YES;
				IPHONEOS_DEPLOYMENT_TARGET = 10.2;
				MTL_ENABLE_DEBUG_INFO = NO;
				SDKROOT = iphoneos;
				SWIFT_OPTIMIZATION_LEVEL = "-Owholemodule";
				TARGETED_DEVICE_FAMILY = "1,2";
				VALIDATE_PRODUCT = YES;
			};
			name = Release;
		};
		8AE5F5ED1E5951D4004709F0 /* Debug */ = {
			isa = XCBuildConfiguration;
			buildSettings = {
				ASSETCATALOG_COMPILER_APPICON_NAME = AppIcon;
				DEVELOPMENT_TEAM = Z48RKT6B3T;
				INFOPLIST_FILE = Woosh/Info.plist;
				IPHONEOS_DEPLOYMENT_TARGET = 10.1;
				LD_RUNPATH_SEARCH_PATHS = "$(inherited) @executable_path/Frameworks";
				PRODUCT_BUNDLE_IDENTIFIER = com.128keaton.Woosh;
				PRODUCT_NAME = "$(TARGET_NAME)";
				PROVISIONING_PROFILE = "5f134f95-56eb-4112-b4e8-2a794360c1d0";
				PROVISIONING_PROFILE_SPECIFIER = "Woosh - Development";
				SWIFT_VERSION = 3.0;
			};
			name = Debug;
		};
		8AE5F5EE1E5951D4004709F0 /* Release */ = {
			isa = XCBuildConfiguration;
			buildSettings = {
				ASSETCATALOG_COMPILER_APPICON_NAME = AppIcon;
				"CODE_SIGN_IDENTITY[sdk=iphoneos*]" = "iPhone Distribution";
				DEVELOPMENT_TEAM = Z48RKT6B3T;
				INFOPLIST_FILE = Woosh/Info.plist;
				IPHONEOS_DEPLOYMENT_TARGET = 10.1;
				LD_RUNPATH_SEARCH_PATHS = "$(inherited) @executable_path/Frameworks";
				PRODUCT_BUNDLE_IDENTIFIER = com.128keaton.Woosh;
				PRODUCT_NAME = "$(TARGET_NAME)";
				PROVISIONING_PROFILE = "17f98a2e-5e62-42a1-b949-474b9d773b99";
				PROVISIONING_PROFILE_SPECIFIER = "Woosh - Distribution";
				SWIFT_VERSION = 3.0;
			};
			name = Release;
		};
		8AE5F5F01E5951D4004709F0 /* Debug */ = {
			isa = XCBuildConfiguration;
			buildSettings = {
				ALWAYS_EMBED_SWIFT_STANDARD_LIBRARIES = YES;
				BUNDLE_LOADER = "$(TEST_HOST)";
				DEVELOPMENT_TEAM = Z48RKT6B3T;
				INFOPLIST_FILE = WooshTests/Info.plist;
				LD_RUNPATH_SEARCH_PATHS = "$(inherited) @executable_path/Frameworks @loader_path/Frameworks";
				PRODUCT_BUNDLE_IDENTIFIER = com.128keaton.WooshTests;
				PRODUCT_NAME = "$(TARGET_NAME)";
				SWIFT_VERSION = 3.0;
				TEST_HOST = "$(BUILT_PRODUCTS_DIR)/Woosh.app/Woosh";
			};
			name = Debug;
		};
		8AE5F5F11E5951D4004709F0 /* Release */ = {
			isa = XCBuildConfiguration;
			buildSettings = {
				ALWAYS_EMBED_SWIFT_STANDARD_LIBRARIES = YES;
				BUNDLE_LOADER = "$(TEST_HOST)";
				DEVELOPMENT_TEAM = Z48RKT6B3T;
				INFOPLIST_FILE = WooshTests/Info.plist;
				LD_RUNPATH_SEARCH_PATHS = "$(inherited) @executable_path/Frameworks @loader_path/Frameworks";
				PRODUCT_BUNDLE_IDENTIFIER = com.128keaton.WooshTests;
				PRODUCT_NAME = "$(TARGET_NAME)";
				SWIFT_VERSION = 3.0;
				TEST_HOST = "$(BUILT_PRODUCTS_DIR)/Woosh.app/Woosh";
			};
			name = Release;
		};
		8AE5F5F31E5951D4004709F0 /* Debug */ = {
			isa = XCBuildConfiguration;
			buildSettings = {
				ALWAYS_EMBED_SWIFT_STANDARD_LIBRARIES = YES;
				DEVELOPMENT_TEAM = Z48RKT6B3T;
				INFOPLIST_FILE = WooshUITests/Info.plist;
				LD_RUNPATH_SEARCH_PATHS = "$(inherited) @executable_path/Frameworks @loader_path/Frameworks";
				PRODUCT_BUNDLE_IDENTIFIER = com.128keaton.WooshUITests;
				PRODUCT_NAME = "$(TARGET_NAME)";
				SWIFT_VERSION = 3.0;
				TEST_TARGET_NAME = Woosh;
			};
			name = Debug;
		};
		8AE5F5F41E5951D4004709F0 /* Release */ = {
			isa = XCBuildConfiguration;
			buildSettings = {
				ALWAYS_EMBED_SWIFT_STANDARD_LIBRARIES = YES;
				DEVELOPMENT_TEAM = Z48RKT6B3T;
				INFOPLIST_FILE = WooshUITests/Info.plist;
				LD_RUNPATH_SEARCH_PATHS = "$(inherited) @executable_path/Frameworks @loader_path/Frameworks";
				PRODUCT_BUNDLE_IDENTIFIER = com.128keaton.WooshUITests;
				PRODUCT_NAME = "$(TARGET_NAME)";
				SWIFT_VERSION = 3.0;
				TEST_TARGET_NAME = Woosh;
			};
			name = Release;
		};
/* End XCBuildConfiguration section */

/* Begin XCConfigurationList section */
		8AE5F5BD1E5951D3004709F0 /* Build configuration list for PBXProject "Woosh" */ = {
			isa = XCConfigurationList;
			buildConfigurations = (
				8AE5F5EA1E5951D4004709F0 /* Debug */,
				8AE5F5EB1E5951D4004709F0 /* Release */,
			);
			defaultConfigurationIsVisible = 0;
			defaultConfigurationName = Release;
		};
		8AE5F5EC1E5951D4004709F0 /* Build configuration list for PBXNativeTarget "Woosh" */ = {
			isa = XCConfigurationList;
			buildConfigurations = (
				8AE5F5ED1E5951D4004709F0 /* Debug */,
				8AE5F5EE1E5951D4004709F0 /* Release */,
			);
			defaultConfigurationIsVisible = 0;
		};
		8AE5F5EF1E5951D4004709F0 /* Build configuration list for PBXNativeTarget "WooshTests" */ = {
			isa = XCConfigurationList;
			buildConfigurations = (
				8AE5F5F01E5951D4004709F0 /* Debug */,
				8AE5F5F11E5951D4004709F0 /* Release */,
			);
			defaultConfigurationIsVisible = 0;
		};
		8AE5F5F21E5951D4004709F0 /* Build configuration list for PBXNativeTarget "WooshUITests" */ = {
			isa = XCConfigurationList;
			buildConfigurations = (
				8AE5F5F31E5951D4004709F0 /* Debug */,
				8AE5F5F41E5951D4004709F0 /* Release */,
			);
			defaultConfigurationIsVisible = 0;
		};
/* End XCConfigurationList section */
	};
	rootObject = 8AE5F5BA1E5951D3004709F0 /* Project object */;
}
